// !$*UTF8*$!
{
	archiveVersion = 1;
	classes = {
	};
	objectVersion = 50;
	objects = {

/* Begin PBXBuildFile section */
		244CE4C523A7F314000950ED /* AppDelegate.swift in Sources */ = {isa = PBXBuildFile; fileRef = 244CE4C423A7F314000950ED /* AppDelegate.swift */; };
		244CE4C723A7F314000950ED /* SceneDelegate.swift in Sources */ = {isa = PBXBuildFile; fileRef = 244CE4C623A7F314000950ED /* SceneDelegate.swift */; };
		244CE4CC23A7F314000950ED /* Main.storyboard in Resources */ = {isa = PBXBuildFile; fileRef = 244CE4CA23A7F314000950ED /* Main.storyboard */; };
		244CE4D123A7F319000950ED /* LaunchScreen.storyboard in Resources */ = {isa = PBXBuildFile; fileRef = 244CE4CF23A7F319000950ED /* LaunchScreen.storyboard */; };
		244CE4DC23A7F35D000950ED /* ViewController.swift in Sources */ = {isa = PBXBuildFile; fileRef = 244CE4D823A7F35D000950ED /* ViewController.swift */; };
		244CE4DD23A7F35D000950ED /* CustomMarkerInfoWindow.swift in Sources */ = {isa = PBXBuildFile; fileRef = 244CE4D923A7F35D000950ED /* CustomMarkerInfoWindow.swift */; };
		244CE4DE23A7F35D000950ED /* CustomMarkerView.swift in Sources */ = {isa = PBXBuildFile; fileRef = 244CE4DA23A7F35D000950ED /* CustomMarkerView.swift */; };
		244CE4DF23A7F35D000950ED /* Assets.xcassets in Resources */ = {isa = PBXBuildFile; fileRef = 244CE4DB23A7F35D000950ED /* Assets.xcassets */; };
/* End PBXBuildFile section */

/* Begin PBXFileReference section */
		244CE4C123A7F314000950ED /* CustomMarker.app */ = {isa = PBXFileReference; explicitFileType = wrapper.application; includeInIndex = 0; path = CustomMarker.app; sourceTree = BUILT_PRODUCTS_DIR; };
		244CE4C423A7F314000950ED /* AppDelegate.swift */ = {isa = PBXFileReference; lastKnownFileType = sourcecode.swift; path = AppDelegate.swift; sourceTree = "<group>"; };
		244CE4C623A7F314000950ED /* SceneDelegate.swift */ = {isa = PBXFileReference; lastKnownFileType = sourcecode.swift; path = SceneDelegate.swift; sourceTree = "<group>"; };
		244CE4CB23A7F314000950ED /* Base */ = {isa = PBXFileReference; lastKnownFileType = file.storyboard; name = Base; path = Base.lproj/Main.storyboard; sourceTree = "<group>"; };
		244CE4D023A7F319000950ED /* Base */ = {isa = PBXFileReference; lastKnownFileType = file.storyboard; name = Base; path = Base.lproj/LaunchScreen.storyboard; sourceTree = "<group>"; };
		244CE4D223A7F319000950ED /* Info.plist */ = {isa = PBXFileReference; lastKnownFileType = text.plist.xml; path = Info.plist; sourceTree = "<group>"; };
		244CE4D823A7F35D000950ED /* ViewController.swift */ = {isa = PBXFileReference; fileEncoding = 4; lastKnownFileType = sourcecode.swift; path = ViewController.swift; sourceTree = "<group>"; };
		244CE4D923A7F35D000950ED /* CustomMarkerInfoWindow.swift */ = {isa = PBXFileReference; fileEncoding = 4; lastKnownFileType = sourcecode.swift; path = CustomMarkerInfoWindow.swift; sourceTree = "<group>"; };
		244CE4DA23A7F35D000950ED /* CustomMarkerView.swift */ = {isa = PBXFileReference; fileEncoding = 4; lastKnownFileType = sourcecode.swift; path = CustomMarkerView.swift; sourceTree = "<group>"; };
		244CE4DB23A7F35D000950ED /* Assets.xcassets */ = {isa = PBXFileReference; lastKnownFileType = folder.assetcatalog; path = Assets.xcassets; sourceTree = "<group>"; };
/* End PBXFileReference section */

/* Begin PBXFrameworksBuildPhase section */
		244CE4BE23A7F314000950ED /* Frameworks */ = {
			isa = PBXFrameworksBuildPhase;
			buildActionMask = 2147483647;
			files = (
			);
			runOnlyForDeploymentPostprocessing = 0;
		};
/* End PBXFrameworksBuildPhase section */

/* Begin PBXGroup section */
		244CE4B823A7F314000950ED = {
			isa = PBXGroup;
			children = (
				244CE4C323A7F314000950ED /* CustomMarker */,
				244CE4C223A7F314000950ED /* Products */,
			);
			sourceTree = "<group>";
		};
		244CE4C223A7F314000950ED /* Products */ = {
			isa = PBXGroup;
			children = (
				244CE4C123A7F314000950ED /* CustomMarker.app */,
			);
			name = Products;
			sourceTree = "<group>";
		};
		244CE4C323A7F314000950ED /* CustomMarker */ = {
			isa = PBXGroup;
			children = (
				244CE4C423A7F314000950ED /* AppDelegate.swift */,
				244CE4C623A7F314000950ED /* SceneDelegate.swift */,
				244CE4D923A7F35D000950ED /* CustomMarkerInfoWindow.swift */,
				244CE4DA23A7F35D000950ED /* CustomMarkerView.swift */,
				244CE4D823A7F35D000950ED /* ViewController.swift */,
				244CE4CA23A7F314000950ED /* Main.storyboard */,
				244CE4DB23A7F35D000950ED /* Assets.xcassets */,
				244CE4CF23A7F319000950ED /* LaunchScreen.storyboard */,
				244CE4D223A7F319000950ED /* Info.plist */,
			);
			path = CustomMarker;
			sourceTree = "<group>";
		};
/* End PBXGroup section */

/* Begin PBXNativeTarget section */
		244CE4C023A7F314000950ED /* CustomMarker */ = {
			isa = PBXNativeTarget;
			buildConfigurationList = 244CE4D523A7F319000950ED /* Build configuration list for PBXNativeTarget "CustomMarker" */;
			buildPhases = (
				244CE4BD23A7F314000950ED /* Sources */,
				244CE4BE23A7F314000950ED /* Frameworks */,
				244CE4BF23A7F314000950ED /* Resources */,
			);
			buildRules = (
			);
			dependencies = (
			);
			name = CustomMarker;
			productName = CustomMarker;
			productReference = 244CE4C123A7F314000950ED /* CustomMarker.app */;
			productType = "com.apple.product-type.application";
		};
/* End PBXNativeTarget section */

/* Begin PBXProject section */
		244CE4B923A7F314000950ED /* Project object */ = {
			isa = PBXProject;
			attributes = {
				LastSwiftUpdateCheck = 1130;
				LastUpgradeCheck = 1130;
				ORGANIZATIONNAME = "iOS Revisited";
				TargetAttributes = {
					244CE4C023A7F314000950ED = {
						CreatedOnToolsVersion = 11.3;
					};
				};
			};
			buildConfigurationList = 244CE4BC23A7F314000950ED /* Build configuration list for PBXProject "CustomMarker" */;
			compatibilityVersion = "Xcode 9.3";
			developmentRegion = en;
			hasScannedForEncodings = 0;
			knownRegions = (
				en,
				Base,
			);
			mainGroup = 244CE4B823A7F314000950ED;
			productRefGroup = 244CE4C223A7F314000950ED /* Products */;
			projectDirPath = "";
			projectRoot = "";
			targets = (
				244CE4C023A7F314000950ED /* CustomMarker */,
			);
		};
/* End PBXProject section */

/* Begin PBXResourcesBuildPhase section */
		244CE4BF23A7F314000950ED /* Resources */ = {
			isa = PBXResourcesBuildPhase;
			buildActionMask = 2147483647;
			files = (
				244CE4D123A7F319000950ED /* LaunchScreen.storyboard in Resources */,
				244CE4DF23A7F35D000950ED /* Assets.xcassets in Resources */,
				244CE4CC23A7F314000950ED /* Main.storyboard in Resources */,
			);
			runOnlyForDeploymentPostprocessing = 0;
		};
/* End PBXResourcesBuildPhase section */

/* Begin PBXSourcesBuildPhase section */
		244CE4BD23A7F314000950ED /* Sources */ = {
			isa = PBXSourcesBuildPhase;
			buildActionMask = 2147483647;
			files = (
				244CE4DE23A7F35D000950ED /* CustomMarkerView.swift in Sources */,
				244CE4DD23A7F35D000950ED /* CustomMarkerInfoWindow.swift in Sources */,
				244CE4DC23A7F35D000950ED /* ViewController.swift in Sources */,
				244CE4C523A7F314000950ED /* AppDelegate.swift in Sources */,
				244CE4C723A7F314000950ED /* SceneDelegate.swift in Sources */,
			);
			runOnlyForDeploymentPostprocessing = 0;
		};
/* End PBXSourcesBuildPhase section */

/* Begin PBXVariantGroup section */
		244CE4CA23A7F314000950ED /* Main.storyboard */ = {
			isa = PBXVariantGroup;
			children = (
				244CE4CB23A7F314000950ED /* Base */,
			);
			name = Main.storyboard;
			sourceTree = "<group>";
		};
		244CE4CF23A7F319000950ED /* LaunchScreen.storyboard */ = {
			isa = PBXVariantGroup;
			children = (
				244CE4D023A7F319000950ED /* Base */,
			);
			name = LaunchScreen.storyboard;
			sourceTree = "<group>";
		};
/* End PBXVariantGroup section */

/* Begin XCBuildConfiguration section */
		244CE4D323A7F319000950ED /* Debug */ = {
			isa = XCBuildConfiguration;
			buildSettings = {
				ALWAYS_SEARCH_USER_PATHS = NO;
				CLANG_ANALYZER_NONNULL = YES;
				CLANG_ANALYZER_NUMBER_OBJECT_CONVERSION = YES_AGGRESSIVE;
				CLANG_CXX_LANGUAGE_STANDARD = "gnu++14";
				CLANG_CXX_LIBRARY = "libc++";
				CLANG_ENABLE_MODULES = YES;
				CLANG_ENABLE_OBJC_ARC = YES;
				CLANG_ENABLE_OBJC_WEAK = YES;
				CLANG_WARN_BLOCK_CAPTURE_AUTORELEASING = YES;
				CLANG_WARN_BOOL_CONVERSION = YES;
				CLANG_WARN_COMMA = YES;
				CLANG_WARN_CONSTANT_CONVERSION = YES;
				CLANG_WARN_DEPRECATED_OBJC_IMPLEMENTATIONS = YES;
				CLANG_WARN_DIRECT_OBJC_ISA_USAGE = YES_ERROR;
				CLANG_WARN_DOCUMENTATION_COMMENTS = YES;
				CLANG_WARN_EMPTY_BODY = YES;
				CLANG_WARN_ENUM_CONVERSION = YES;
				CLANG_WARN_INFINITE_RECURSION = YES;
				CLANG_WARN_INT_CONVERSION = YES;
				CLANG_WARN_NON_LITERAL_NULL_CONVERSION = YES;
				CLANG_WARN_OBJC_IMPLICIT_RETAIN_SELF = YES;
				CLANG_WARN_OBJC_LITERAL_CONVERSION = YES;
				CLANG_WARN_OBJC_ROOT_CLASS = YES_ERROR;
				CLANG_WARN_RANGE_LOOP_ANALYSIS = YES;
				CLANG_WARN_STRICT_PROTOTYPES = YES;
				CLANG_WARN_SUSPICIOUS_MOVE = YES;
				CLANG_WARN_UNGUARDED_AVAILABILITY = YES_AGGRESSIVE;
				CLANG_WARN_UNREACHABLE_CODE = YES;
				CLANG_WARN__DUPLICATE_METHOD_MATCH = YES;
				COPY_PHASE_STRIP = NO;
				DEBUG_INFORMATION_FORMAT = dwarf;
				ENABLE_STRICT_OBJC_MSGSEND = YES;
				ENABLE_TESTABILITY = YES;
				GCC_C_LANGUAGE_STANDARD = gnu11;
				GCC_DYNAMIC_NO_PIC = NO;
				GCC_NO_COMMON_BLOCKS = YES;
				GCC_OPTIMIZATION_LEVEL = 0;
				GCC_PREPROCESSOR_DEFINITIONS = (
					"DEBUG=1",
					"$(inherited)",
				);
				GCC_WARN_64_TO_32_BIT_CONVERSION = YES;
				GCC_WARN_ABOUT_RETURN_TYPE = YES_ERROR;
				GCC_WARN_UNDECLARED_SELECTOR = YES;
				GCC_WARN_UNINITIALIZED_AUTOS = YES_AGGRESSIVE;
				GCC_WARN_UNUSED_FUNCTION = YES;
				GCC_WARN_UNUSED_VARIABLE = YES;
				IPHONEOS_DEPLOYMENT_TARGET = 13.2;
				MTL_ENABLE_DEBUG_INFO = INCLUDE_SOURCE;
				MTL_FAST_MATH = YES;
				ONLY_ACTIVE_ARCH = YES;
				SDKROOT = iphoneos;
				SWIFT_ACTIVE_COMPILATION_CONDITIONS = DEBUG;
				SWIFT_OPTIMIZATION_LEVEL = "-Onone";
			};
			name = Debug;
		};
		244CE4D423A7F319000950ED /* Release */ = {
			isa = XCBuildConfiguration;
			buildSettings = {
				ALWAYS_SEARCH_USER_PATHS = NO;
				CLANG_ANALYZER_NONNULL = YES;
				CLANG_ANALYZER_NUMBER_OBJECT_CONVERSION = YES_AGGRESSIVE;
				CLANG_CXX_LANGUAGE_STANDARD = "gnu++14";
				CLANG_CXX_LIBRARY = "libc++";
				CLANG_ENABLE_MODULES = YES;
				CLANG_ENABLE_OBJC_ARC = YES;
				CLANG_ENABLE_OBJC_WEAK = YES;
				CLANG_WARN_BLOCK_CAPTURE_AUTORELEASING = YES;
				CLANG_WARN_BOOL_CONVERSION = YES;
				CLANG_WARN_COMMA = YES;
				CLANG_WARN_CONSTANT_CONVERSION = YES;
				CLANG_WARN_DEPRECATED_OBJC_IMPLEMENTATIONS = YES;
				CLANG_WARN_DIRECT_OBJC_ISA_USAGE = YES_ERROR;
				CLANG_WARN_DOCUMENTATION_COMMENTS = YES;
				CLANG_WARN_EMPTY_BODY = YES;
				CLANG_WARN_ENUM_CONVERSION = YES;
				CLANG_WARN_INFINITE_RECURSION = YES;
				CLANG_WARN_INT_CONVERSION = YES;
				CLANG_WARN_NON_LITERAL_NULL_CONVERSION = YES;
				CLANG_WARN_OBJC_IMPLICIT_RETAIN_SELF = YES;
				CLANG_WARN_OBJC_LITERAL_CONVERSION = YES;
				CLANG_WARN_OBJC_ROOT_CLASS = YES_ERROR;
				CLANG_WARN_RANGE_LOOP_ANALYSIS = YES;
				CLANG_WARN_STRICT_PROTOTYPES = YES;
				CLANG_WARN_SUSPICIOUS_MOVE = YES;
				CLANG_WARN_UNGUARDED_AVAILABILITY = YES_AGGRESSIVE;
				CLANG_WARN_UNREACHABLE_CODE = YES;
				CLANG_WARN__DUPLICATE_METHOD_MATCH = YES;
				COPY_PHASE_STRIP = NO;
				DEBUG_INFORMATION_FORMAT = "dwarf-with-dsym";
				ENABLE_NS_ASSERTIONS = NO;
				ENABLE_STRICT_OBJC_MSGSEND = YES;
				GCC_C_LANGUAGE_STANDARD = gnu11;
				GCC_NO_COMMON_BLOCKS = YES;
				GCC_WARN_64_TO_32_BIT_CONVERSION = YES;
				GCC_WARN_ABOUT_RETURN_TYPE = YES_ERROR;
				GCC_WARN_UNDECLARED_SELECTOR = YES;
				GCC_WARN_UNINITIALIZED_AUTOS = YES_AGGRESSIVE;
				GCC_WARN_UNUSED_FUNCTION = YES;
				GCC_WARN_UNUSED_VARIABLE = YES;
				IPHONEOS_DEPLOYMENT_TARGET = 13.2;
				MTL_ENABLE_DEBUG_INFO = NO;
				MTL_FAST_MATH = YES;
				SDKROOT = iphoneos;
				SWIFT_COMPILATION_MODE = wholemodule;
				SWIFT_OPTIMIZATION_LEVEL = "-O";
				VALIDATE_PRODUCT = YES;
			};
			name = Release;
		};
		244CE4D623A7F319000950ED /* Debug */ = {
			isa = XCBuildConfiguration;
			buildSettings = {
				ASSETCATALOG_COMPILER_APPICON_NAME = AppIcon;
				CODE_SIGN_STYLE = Automatic;
				INFOPLIST_FILE = CustomMarker/Info.plist;
				LD_RUNPATH_SEARCH_PATHS = (
					"$(inherited)",
					"@executable_path/Frameworks",
				);
				PRODUCT_BUNDLE_IDENTIFIER = ios.revisited.com.CustomMarker;
				PRODUCT_NAME = "$(TARGET_NAME)";
				SWIFT_VERSION = 5.0;
				TARGETED_DEVICE_FAMILY = "1,2";
			};
			name = Debug;
		};
		244CE4D723A7F319000950ED /* Release */ = {
			isa = XCBuildConfiguration;
			buildSettings = {
				ASSETCATALOG_COMPILER_APPICON_NAME = AppIcon;
				CODE_SIGN_STYLE = Automatic;
				INFOPLIST_FILE = CustomMarker/Info.plist;
				LD_RUNPATH_SEARCH_PATHS = (
					"$(inherited)",
					"@executable_path/Frameworks",
				);
				PRODUCT_BUNDLE_IDENTIFIER = ios.revisited.com.CustomMarker;
				PRODUCT_NAME = "$(TARGET_NAME)";
				SWIFT_VERSION = 5.0;
				TARGETED_DEVICE_FAMILY = "1,2";
			};
			name = Release;
		};
/* End XCBuildConfiguration section */

/* Begin XCConfigurationList section */
		244CE4BC23A7F314000950ED /* Build configuration list for PBXProject "CustomMarker" */ = {
			isa = XCConfigurationList;
			buildConfigurations = (
				244CE4D323A7F319000950ED /* Debug */,
				244CE4D423A7F319000950ED /* Release */,
			);
			defaultConfigurationIsVisible = 0;
			defaultConfigurationName = Release;
		};
		244CE4D523A7F319000950ED /* Build configuration list for PBXNativeTarget "CustomMarker" */ = {
			isa = XCConfigurationList;
			buildConfigurations = (
				244CE4D623A7F319000950ED /* Debug */,
				244CE4D723A7F319000950ED /* Release */,
			);
			defaultConfigurationIsVisible = 0;
			defaultConfigurationName = Release;
		};
/* End XCConfigurationList section */
	};
	rootObject = 244CE4B923A7F314000950ED /* Project object */;
}
